
Microsoft Visual Studio Solution File, Format Version 12.00
# Visual Studio Version 16
VisualStudioVersion = 16.0.29728.190
MinimumVisualStudioVersion = 10.0.40219.1
Project("{FAE04EC0-301F-11D3-BF4B-00C04F79EFBC}") = "UnitTesting", "UnitTesting\UnitTesting.csproj", "{C790A3C6-4F45-4BEC-B990-DD50904E1553}"
EndProject
Global
	GlobalSection(SolutionConfigurationPlatforms) = preSolution
		Debug|Any CPU = Debug|Any CPU
		Release|Any CPU = Release|Any CPU
	EndGlobalSection
	GlobalSection(ProjectConfigurationPlatforms) = postSolution
		{C790A3C6-4F45-4BEC-B990-DD50904E1553}.Debug|Any CPU.ActiveCfg = Debug|Any CPU
		{C790A3C6-4F45-4BEC-B990-DD50904E1553}.Debug|Any CPU.Build.0 = Debug|Any CPU
		{C790A3C6-4F45-4BEC-B990-DD50904E1553}.Release|Any CPU.ActiveCfg = Release|Any CPU
		{C790A3C6-4F45-4BEC-B990-DD50904E1553}.Release|Any CPU.Build.0 = Release|Any CPU
	EndGlobalSection
	GlobalSection(SolutionProperties) = preSolution
		HideSolutionNode = FALSE
	EndGlobalSection
	GlobalSection(ExtensibilityGlobals) = postSolution
		SolutionGuid = {D14D42EC-6B84-4DD5-86F4-A4A4755EEBA6}
	EndGlobalSection
EndGlobal
